
Microsoft Visual Studio Solution File, Format Version 12.00
# Visual Studio 15
Project("{FAE04EC0-301F-11D3-BF4B-00C04F79EFBC}") = "PlayFab", "PlayFab.csproj", "{39ADB5A9-1421-57BB-4026-F5B726367D09}"
EndProject
Project("{FAE04EC0-301F-11D3-BF4B-00C04F79EFBC}") = "PhotonChat", "PhotonChat.csproj", "{6D213714-C3D4-402E-EE9C-8BFC6F2F081F}"
EndProject
Project("{FAE04EC0-301F-11D3-BF4B-00C04F79EFBC}") = "PhotonUnityNetworking.Demos", "PhotonUnityNetworking.Demos.csproj", "{9945BD13-2B42-05C8-D5F7-8D6B1F936B04}"
EndProject
Project("{FAE04EC0-301F-11D3-BF4B-00C04F79EFBC}") = "Assembly-CSharp", "Assembly-CSharp.csproj", "{EAAF57D9-F4A8-336D-1B77-7EE7A4B21675}"
EndProject
Project("{FAE04EC0-301F-11D3-BF4B-00C04F79EFBC}") = "PhotonRealtime", "PhotonRealtime.csproj", "{80739E82-1199-CA4B-4E5B-47209C6BE564}"
EndProject
Project("{FAE04EC0-301F-11D3-BF4B-00C04F79EFBC}") = "Assembly-CSharp-Editor", "Assembly-CSharp-Editor.csproj", "{708DB38F-D1F7-5708-770B-B21EF70744F6}"
EndProject
Project("{FAE04EC0-301F-11D3-BF4B-00C04F79EFBC}") = "PhotonUnityNetworking.Editor", "PhotonUnityNetworking.Editor.csproj", "{46008877-1381-4BCA-AD4A-D54004E293EC}"
EndProject
Project("{FAE04EC0-301F-11D3-BF4B-00C04F79EFBC}") = "PhotonUnityNetworking", "PhotonUnityNetworking.csproj", "{320B8905-9176-3A9B-853A-A3A512B94744}"
EndProject
Project("{FAE04EC0-301F-11D3-BF4B-00C04F79EFBC}") = "PhotonUnityNetworking.Utilities.PhotonPlayer.Editor", "PhotonUnityNetworking.Utilities.PhotonPlayer.Editor.csproj", "{22C19BED-3DFF-6B3A-AEAE-4683505AA1AD}"
EndProject
Project("{FAE04EC0-301F-11D3-BF4B-00C04F79EFBC}") = "PlayFabSDKEditor", "PlayFabSDKEditor.csproj", "{FED8102E-5B64-ECA2-00CF-A21DBA837361}"
EndProject
Project("{FAE04EC0-301F-11D3-BF4B-00C04F79EFBC}") = "PhotonUnityNetworking.Utilities", "PhotonUnityNetworking.Utilities.csproj", "{A9D43695-A5CF-F75A-5D25-0F12D405C69E}"
EndProject
Project("{FAE04EC0-301F-11D3-BF4B-00C04F79EFBC}") = "PunDemos.DemoSlotcarEditor", "PunDemos.DemoSlotcarEditor.csproj", "{F78ED1DC-BEDE-870D-764E-B6BA06C45C3F}"
EndProject
Project("{FAE04EC0-301F-11D3-BF4B-00C04F79EFBC}") = "PhotonUnityNetworking.Utilities.Culling.Editor", "PhotonUnityNetworking.Utilities.Culling.Editor.csproj", "{B200642F-380E-6AAC-3F99-6362DFAFD687}"
EndProject
Project("{FAE04EC0-301F-11D3-BF4B-00C04F79EFBC}") = "PunDemos.DemoHubEditor", "PunDemos.DemoHubEditor.csproj", "{A478F898-EE60-8A80-7ECD-5004D3D8ED6F}"
EndProject
Global
	GlobalSection(SolutionConfigurationPlatforms) = preSolution
		Debug|Any CPU = Debug|Any CPU
		Release|Any CPU = Release|Any CPU
	EndGlobalSection
	GlobalSection(ProjectConfigurationPlatforms) = postSolution
		{39ADB5A9-1421-57BB-4026-F5B726367D09}.Debug|Any CPU.ActiveCfg = Debug|Any CPU
		{39ADB5A9-1421-57BB-4026-F5B726367D09}.Debug|Any CPU.Build.0 = Debug|Any CPU
		{39ADB5A9-1421-57BB-4026-F5B726367D09}.Release|Any CPU.ActiveCfg = Release|Any CPU
		{39ADB5A9-1421-57BB-4026-F5B726367D09}.Release|Any CPU.Build.0 = Release|Any CPU
		{6D213714-C3D4-402E-EE9C-8BFC6F2F081F}.Debug|Any CPU.ActiveCfg = Debug|Any CPU
		{6D213714-C3D4-402E-EE9C-8BFC6F2F081F}.Debug|Any CPU.Build.0 = Debug|Any CPU
		{6D213714-C3D4-402E-EE9C-8BFC6F2F081F}.Release|Any CPU.ActiveCfg = Release|Any CPU
		{6D213714-C3D4-402E-EE9C-8BFC6F2F081F}.Release|Any CPU.Build.0 = Release|Any CPU
		{9945BD13-2B42-05C8-D5F7-8D6B1F936B04}.Debug|Any CPU.ActiveCfg = Debug|Any CPU
		{9945BD13-2B42-05C8-D5F7-8D6B1F936B04}.Debug|Any CPU.Build.0 = Debug|Any CPU
		{9945BD13-2B42-05C8-D5F7-8D6B1F936B04}.Release|Any CPU.ActiveCfg = Release|Any CPU
		{9945BD13-2B42-05C8-D5F7-8D6B1F936B04}.Release|Any CPU.Build.0 = Release|Any CPU
		{EAAF57D9-F4A8-336D-1B77-7EE7A4B21675}.Debug|Any CPU.ActiveCfg = Debug|Any CPU
		{EAAF57D9-F4A8-336D-1B77-7EE7A4B21675}.Debug|Any CPU.Build.0 = Debug|Any CPU
		{EAAF57D9-F4A8-336D-1B77-7EE7A4B21675}.Release|Any CPU.ActiveCfg = Release|Any CPU
		{EAAF57D9-F4A8-336D-1B77-7EE7A4B21675}.Release|Any CPU.Build.0 = Release|Any CPU
		{80739E82-1199-CA4B-4E5B-47209C6BE564}.Debug|Any CPU.ActiveCfg = Debug|Any CPU
		{80739E82-1199-CA4B-4E5B-47209C6BE564}.Debug|Any CPU.Build.0 = Debug|Any CPU
		{80739E82-1199-CA4B-4E5B-47209C6BE564}.Release|Any CPU.ActiveCfg = Release|Any CPU
		{80739E82-1199-CA4B-4E5B-47209C6BE564}.Release|Any CPU.Build.0 = Release|Any CPU
		{708DB38F-D1F7-5708-770B-B21EF70744F6}.Debug|Any CPU.ActiveCfg = Debug|Any CPU
		{708DB38F-D1F7-5708-770B-B21EF70744F6}.Debug|Any CPU.Build.0 = Debug|Any CPU
		{708DB38F-D1F7-5708-770B-B21EF70744F6}.Release|Any CPU.ActiveCfg = Release|Any CPU
		{708DB38F-D1F7-5708-770B-B21EF70744F6}.Release|Any CPU.Build.0 = Release|Any CPU
		{46008877-1381-4BCA-AD4A-D54004E293EC}.Debug|Any CPU.ActiveCfg = Debug|Any CPU
		{46008877-1381-4BCA-AD4A-D54004E293EC}.Debug|Any CPU.Build.0 = Debug|Any CPU
		{46008877-1381-4BCA-AD4A-D54004E293EC}.Release|Any CPU.ActiveCfg = Release|Any CPU
		{46008877-1381-4BCA-AD4A-D54004E293EC}.Release|Any CPU.Build.0 = Release|Any CPU
		{320B8905-9176-3A9B-853A-A3A512B94744}.Debug|Any CPU.ActiveCfg = Debug|Any CPU
		{320B8905-9176-3A9B-853A-A3A512B94744}.Debug|Any CPU.Build.0 = Debug|Any CPU
		{320B8905-9176-3A9B-853A-A3A512B94744}.Release|Any CPU.ActiveCfg = Release|Any CPU
		{320B8905-9176-3A9B-853A-A3A512B94744}.Release|Any CPU.Build.0 = Release|Any CPU
		{22C19BED-3DFF-6B3A-AEAE-4683505AA1AD}.Debug|Any CPU.ActiveCfg = Debug|Any CPU
		{22C19BED-3DFF-6B3A-AEAE-4683505AA1AD}.Debug|Any CPU.Build.0 = Debug|Any CPU
		{22C19BED-3DFF-6B3A-AEAE-4683505AA1AD}.Release|Any CPU.ActiveCfg = Release|Any CPU
		{22C19BED-3DFF-6B3A-AEAE-4683505AA1AD}.Release|Any CPU.Build.0 = Release|Any CPU
		{FED8102E-5B64-ECA2-00CF-A21DBA837361}.Debug|Any CPU.ActiveCfg = Debug|Any CPU
		{FED8102E-5B64-ECA2-00CF-A21DBA837361}.Debug|Any CPU.Build.0 = Debug|Any CPU
		{FED8102E-5B64-ECA2-00CF-A21DBA837361}.Release|Any CPU.ActiveCfg = Release|Any CPU
		{FED8102E-5B64-ECA2-00CF-A21DBA837361}.Release|Any CPU.Build.0 = Release|Any CPU
		{A9D43695-A5CF-F75A-5D25-0F12D405C69E}.Debug|Any CPU.ActiveCfg = Debug|Any CPU
		{A9D43695-A5CF-F75A-5D25-0F12D405C69E}.Debug|Any CPU.Build.0 = Debug|Any CPU
		{A9D43695-A5CF-F75A-5D25-0F12D405C69E}.Release|Any CPU.ActiveCfg = Release|Any CPU
		{A9D43695-A5CF-F75A-5D25-0F12D405C69E}.Release|Any CPU.Build.0 = Release|Any CPU
		{F78ED1DC-BEDE-870D-764E-B6BA06C45C3F}.Debug|Any CPU.ActiveCfg = Debug|Any CPU
		{F78ED1DC-BEDE-870D-764E-B6BA06C45C3F}.Debug|Any CPU.Build.0 = Debug|Any CPU
		{F78ED1DC-BEDE-870D-764E-B6BA06C45C3F}.Release|Any CPU.ActiveCfg = Release|Any CPU
		{F78ED1DC-BEDE-870D-764E-B6BA06C45C3F}.Release|Any CPU.Build.0 = Release|Any CPU
		{B200642F-380E-6AAC-3F99-6362DFAFD687}.Debug|Any CPU.ActiveCfg = Debug|Any CPU
		{B200642F-380E-6AAC-3F99-6362DFAFD687}.Debug|Any CPU.Build.0 = Debug|Any CPU
		{B200642F-380E-6AAC-3F99-6362DFAFD687}.Release|Any CPU.ActiveCfg = Release|Any CPU
		{B200642F-380E-6AAC-3F99-6362DFAFD687}.Release|Any CPU.Build.0 = Release|Any CPU
		{A478F898-EE60-8A80-7ECD-5004D3D8ED6F}.Debug|Any CPU.ActiveCfg = Debug|Any CPU
		{A478F898-EE60-8A80-7ECD-5004D3D8ED6F}.Debug|Any CPU.Build.0 = Debug|Any CPU
		{A478F898-EE60-8A80-7ECD-5004D3D8ED6F}.Release|Any CPU.ActiveCfg = Release|Any CPU
		{A478F898-EE60-8A80-7ECD-5004D3D8ED6F}.Release|Any CPU.Build.0 = Release|Any CPU
	EndGlobalSection
	GlobalSection(SolutionProperties) = preSolution
		HideSolutionNode = FALSE
	EndGlobalSection
EndGlobal
